version = 1
revision = 3
requires-python = ">=3.12"
resolution-markers = [
    "python_full_version >= '3.13' and sys_platform == 'win32'",
    "python_full_version >= '3.13' and sys_platform != 'win32'",
    "python_full_version < '3.13' and sys_platform == 'win32'",
    "python_full_version < '3.13' and sys_platform != 'win32'",
]

[[package]]
name = "colorama"
version = "0.4.6"
source = { registry = "https://pypi.org/simple" }
sdist = { url = "https://files.pythonhosted.org/packages/d8/53/6f443c9a4a8358a93a6792e2acffb9d9d5cb0a5cfd8802644b7b1c9a02e4/colorama-0.4.6.tar.gz", hash = "sha256:08695f5cb7ed6e0531a20572697297273c47b8cae5a63ffc6d6ed5c201be6e44", size = 27697, upload-time = "2022-10-25T02:36:22.414Z" }
wheels = [
    { url = "https://files.pythonhosted.org/packages/d1/d6/3965ed04c63042e047cb6a3e6ed1a63a35087b6a609aa3a15ed8ac56c221/colorama-0.4.6-py2.py3-none-any.whl", hash = "sha256:4f1d9991f5acc0ca119f9d443620b77f9d6b33703e51011c16baf57afb285fc6", size = 25335, upload-time = "2022-10-25T02:36:20.889Z" },
]

[[package]]
name = "flutterdocs"
version = "0.1.0"
source = { editable = "." }
dependencies = [
    { name = "html-to-markdown" },
]

[package.dev-dependencies]
dev = [
    { name = "pytest" },
    { name = "snakeviz" },
]

[package.metadata]
requires-dist = [{ name = "html-to-markdown", specifier = "==2.28.0" }]

[package.metadata.requires-dev]
dev = [
    { name = "pytest", specifier = ">=9.0.2" },
    { name = "snakeviz", specifier = ">=2.2.2" },
]

[[package]]
name = "html-to-markdown"
version = "2.28.0"
source = { registry = "https://pypi.org/simple" }
sdist = { url = "https://files.pythonhosted.org/packages/4e/ba/dbc5f2f962889bcd16248f985c1a06538ca8947ecce6d7bb42f43c6b7487/html_to_markdown-2.28.0.tar.gz", hash = "sha256:eba7cb94231c741adb7633188f170d129dd4e4103a7b94110d686fd2ef0603a6", size = 307775, upload-time = "2026-03-05T19:35:45.155Z" }
wheels = [
    { url = "https://files.pythonhosted.org/packages/e2/aa/7c6365182e8ac5e746109c99f79a340e0fae78f0a030f077f490bf270286/html_to_markdown-2.28.0-cp310-abi3-macosx_11_0_arm64.whl", hash = "sha256:211d929c8c15750b933130e285f2e574b8447d6ece4217b815101a7d068286a7", size = 8881158, upload-time = "2026-03-05T19:35:37.672Z" },
    { url = "https://files.pythonhosted.org/packages/a6/e8/8cbd1508e46d7d512b9e570ab364b1b54d905b4abbfd5b15964b1fe0f4b9/html_to_markdown-2.28.0-cp310-abi3-manylinux2014_x86_64.manylinux_2_17_x86_64.whl", hash = "sha256:aa98adf308756700b4de935ce9c2efbcca07619c743ac38e8e1fd2e9ee204b16", size = 9691439, upload-time = "2026-03-05T19:35:40.426Z" },
    { url = "https://files.pythonhosted.org/packages/04/64/a46a360db8e34ecf6d6a41ac886f928524230a786a413bc114ea7dabb6b7/html_to_markdown-2.28.0-cp310-abi3-win_amd64.whl", hash = "sha256:b7e6abc12b9b3d6bced7195046cdb651a7511d1cd299ce477fae4e3285ccd5df", size = 9311090, upload-time = "2026-03-05T19:35:43.031Z" },
]

[[package]]
name = "iniconfig"
version = "2.3.0"
source = { registry = "https://pypi.org/simple" }
sdist = { url = "https://files.pythonhosted.org/packages/72/34/14ca021ce8e5dfedc35312d08ba8bf51fdd999c576889fc2c24cb97f4f10/iniconfig-2.3.0.tar.gz", hash = "sha256:c76315c77db068650d49c5b56314774a7804df16fee4402c1f19d6d15d8c4730", size = 20503, upload-time = "2025-10-18T21:55:43.219Z" }
wheels = [
    { url = "https://files.pythonhosted.org/packages/cb/b1/3846dd7f199d53cb17f49cba7e651e9ce294d8497c8c150530ed11865bb8/iniconfig-2.3.0-py3-none-any.whl", hash = "sha256:f631c04d2c48c52b84d0d0549c99ff3859c98df65b3101406327ecc7d53fbf12", size = 7484, upload-time = "2025-10-18T21:55:41.639Z" },
]

[[package]]
name = "packaging"
version = "25.0"
source = { registry = "https://pypi.org/simple" }
sdist = { url = "https://files.pythonhosted.org/packages/a1/d4/1fc4078c65507b51b96ca8f8c3ba19e6a61c8253c72794544580a7b6c24d/packaging-25.0.tar.gz", hash = "sha256:d443872c98d677bf60f6a1f2f8c1cb748e8fe762d2bf9d3148b5599295b0fc4f", size = 165727, upload-time = "2025-04-19T11:48:59.673Z" }
wheels = [
    { url = "https://files.pythonhosted.org/packages/20/12/38679034af332785aac8774540895e234f4d07f7545804097de4b666afd8/packaging-25.0-py3-none-any.whl", hash = "sha256:29572ef2b1f17581046b3a2227d5c611fb25ec70ca1ba8554b24b0e69331a484", size = 66469, upload-time = "2025-04-19T11:48:57.875Z" },
]

[[package]]
name = "pluggy"
version = "1.6.0"
source = { registry = "https://pypi.org/simple" }
sdist = { url = "https://files.pythonhosted.org/packages/f9/e2/3e91f31a7d2b083fe6ef3fa267035b518369d9511ffab804f839851d2779/pluggy-1.6.0.tar.gz", hash = "sha256:7dcc130b76258d33b90f61b658791dede3486c3e6bfb003ee5c9bfb396dd22f3", size = 69412, upload-time = "2025-05-15T12:30:07.975Z" }
wheels = [
    { url = "https://files.pythonhosted.org/packages/54/20/4d324d65cc6d9205fabedc306948156824eb9f0ee1633355a8f7ec5c66bf/pluggy-1.6.0-py3-none-any.whl", hash = "sha256:e920276dd6813095e9377c0bc5566d94c932c33b27a3e3945d8389c374dd4746", size = 20538, upload-time = "2025-05-15T12:30:06.134Z" },
]

[[package]]
name = "pygments"
version = "2.19.2"
source = { registry = "https://pypi.org/simple" }
sdist = { url = "https://files.pythonhosted.org/packages/b0/77/a5b8c569bf593b0140bde72ea885a803b82086995367bf2037de0159d924/pygments-2.19.2.tar.gz", hash = "sha256:636cb2477cec7f8952536970bc533bc43743542f70392ae026374600add5b887", size = 4968631, upload-time = "2025-06-21T13:39:12.283Z" }
wheels = [
    { url = "https://files.pythonhosted.org/packages/c7/21/705964c7812476f378728bdf590ca4b771ec72385c533964653c68e86bdc/pygments-2.19.2-py3-none-any.whl", hash = "sha256:86540386c03d588bb81d44bc3928634ff26449851e99741617ecb9037ee5ec0b", size = 1225217, upload-time = "2025-06-21T13:39:07.939Z" },
]

[[package]]
name = "pytest"
version = "9.0.2"
source = { registry = "https://pypi.org/simple" }
dependencies = [
    { name = "colorama", marker = "sys_platform == 'win32'" },
    { name = "iniconfig" },
    { name = "packaging" },
    { name = "pluggy" },
    { name = "pygments" },
]
sdist = { url = "https://files.pythonhosted.org/packages/d1/db/7ef3487e0fb0049ddb5ce41d3a49c235bf9ad299b6a25d5780a89f19230f/pytest-9.0.2.tar.gz", hash = "sha256:75186651a92bd89611d1d9fc20f0b4345fd827c41ccd5c299a868a05d70edf11", size = 1568901, upload-time = "2025-12-06T21:30:51.014Z" }
wheels = [
    { url = "https://files.pythonhosted.org/packages/3b/ab/b3226f0bd7cdcf710fbede2b3548584366da3b19b5021e74f5bde2a8fa3f/pytest-9.0.2-py3-none-any.whl", hash = "sha256:711ffd45bf766d5264d487b917733b453d917afd2b0ad65223959f59089f875b", size = 374801, upload-time = "2025-12-06T21:30:49.154Z" },
]

[[package]]
name = "snakeviz"
version = "2.2.2"
source = { registry = "https://pypi.org/simple" }
dependencies = [
    { name = "tornado" },
]
sdist = { url = "https://files.pythonhosted.org/packages/04/06/82f56563b16d33c2586ac2615a3034a83a4ff1969b84c8d79339e5d07d73/snakeviz-2.2.2.tar.gz", hash = "sha256:08028c6f8e34a032ff14757a38424770abb8662fb2818985aeea0d9bc13a7d83", size = 182039, upload-time = "2024-11-09T22:03:58.99Z" }
wheels = [
    { url = "https://files.pythonhosted.org/packages/cd/f7/83b00cdf4f114f10750a18b64c27dc34636d0ac990ccac98282f5c0fbb43/snakeviz-2.2.2-py3-none-any.whl", hash = "sha256:77e7b9c82f6152edc330040319b97612351cd9b48c706434c535c2df31d10ac5", size = 183477, upload-time = "2024-11-09T22:03:57.049Z" },
]

[[package]]
name = "tornado"
version = "6.5.4"
source = { registry = "https://pypi.org/simple" }
sdist = { url = "https://files.pythonhosted.org/packages/37/1d/0a336abf618272d53f62ebe274f712e213f5a03c0b2339575430b8362ef2/tornado-6.5.4.tar.gz", hash = "sha256:a22fa9047405d03260b483980635f0b041989d8bcc9a313f8fe18b411d84b1d7", size = 513632, upload-time = "2025-12-15T19:21:03.836Z" }
wheels = [
    { url = "https://files.pythonhosted.org/packages/ab/a9/e94a9d5224107d7ce3cc1fab8d5dc97f5ea351ccc6322ee4fb661da94e35/tornado-6.5.4-cp39-abi3-macosx_10_9_universal2.whl", hash = "sha256:d6241c1a16b1c9e4cc28148b1cda97dd1c6cb4fb7068ac1bedc610768dff0ba9", size = 443909, upload-time = "2025-12-15T19:20:48.382Z" },
    { url = "https://files.pythonhosted.org/packages/db/7e/f7b8d8c4453f305a51f80dbb49014257bb7d28ccb4bbb8dd328ea995ecad/tornado-6.5.4-cp39-abi3-macosx_10_9_x86_64.whl", hash = "sha256:2d50f63dda1d2cac3ae1fa23d254e16b5e38153758470e9956cbc3d813d40843", size = 442163, upload-time = "2025-12-15T19:20:49.791Z" },
    { url = "https://files.pythonhosted.org/packages/ba/b5/206f82d51e1bfa940ba366a8d2f83904b15942c45a78dd978b599870ab44/tornado-6.5.4-cp39-abi3-manylinux_2_17_aarch64.manylinux2014_aarch64.whl", hash = "sha256:d1cf66105dc6acb5af613c054955b8137e34a03698aa53272dbda4afe252be17", size = 445746, upload-time = "2025-12-15T19:20:51.491Z" },
    { url = "https://files.pythonhosted.org/packages/8e/9d/1a3338e0bd30ada6ad4356c13a0a6c35fbc859063fa7eddb309183364ac1/tornado-6.5.4-cp39-abi3-manylinux_2_5_i686.manylinux1_i686.manylinux_2_17_i686.manylinux2014_i686.whl", hash = "sha256:50ff0a58b0dc97939d29da29cd624da010e7f804746621c78d14b80238669335", size = 445083, upload-time = "2025-12-15T19:20:52.778Z" },
    { url = "https://files.pythonhosted.org/packages/50/d4/e51d52047e7eb9a582da59f32125d17c0482d065afd5d3bc435ff2120dc5/tornado-6.5.4-cp39-abi3-manylinux_2_5_x86_64.manylinux1_x86_64.manylinux_2_17_x86_64.manylinux2014_x86_64.whl", hash = "sha256:e5fb5e04efa54cf0baabdd10061eb4148e0be137166146fff835745f59ab9f7f", size = 445315, upload-time = "2025-12-15T19:20:53.996Z" },
    { url = "https://files.pythonhosted.org/packages/27/07/2273972f69ca63dbc139694a3fc4684edec3ea3f9efabf77ed32483b875c/tornado-6.5.4-cp39-abi3-musllinux_1_2_aarch64.whl", hash = "sha256:9c86b1643b33a4cd415f8d0fe53045f913bf07b4a3ef646b735a6a86047dda84", size = 446003, upload-time = "2025-12-15T19:20:56.101Z" },
    { url = "https://files.pythonhosted.org/packages/d1/83/41c52e47502bf7260044413b6770d1a48dda2f0246f95ee1384a3cd9c44a/tornado-6.5.4-cp39-abi3-musllinux_1_2_i686.whl", hash = "sha256:6eb82872335a53dd063a4f10917b3efd28270b56a33db69009606a0312660a6f", size = 445412, upload-time = "2025-12-15T19:20:57.398Z" },
    { url = "https://files.pythonhosted.org/packages/10/c7/bc96917f06cbee182d44735d4ecde9c432e25b84f4c2086143013e7b9e52/tornado-6.5.4-cp39-abi3-musllinux_1_2_x86_64.whl", hash = "sha256:6076d5dda368c9328ff41ab5d9dd3608e695e8225d1cd0fd1e006f05da3635a8", size = 445392, upload-time = "2025-12-15T19:20:58.692Z" },
    { url = "https://files.pythonhosted.org/packages/0c/1a/d7592328d037d36f2d2462f4bc1fbb383eec9278bc786c1b111cbbd44cfa/tornado-6.5.4-cp39-abi3-win32.whl", hash = "sha256:1768110f2411d5cd281bac0a090f707223ce77fd110424361092859e089b38d1", size = 446481, upload-time = "2025-12-15T19:21:00.008Z" },
    { url = "https://files.pythonhosted.org/packages/d6/6d/c69be695a0a64fd37a97db12355a035a6d90f79067a3cf936ec2b1dc38cd/tornado-6.5.4-cp39-abi3-win_amd64.whl", hash = "sha256:fa07d31e0cd85c60713f2b995da613588aa03e1303d75705dca6af8babc18ddc", size = 446886, upload-time = "2025-12-15T19:21:01.287Z" },
    { url = "https://files.pythonhosted.org/packages/50/49/8dc3fd90902f70084bd2cd059d576ddb4f8bb44c2c7c0e33a11422acb17e/tornado-6.5.4-cp39-abi3-win_arm64.whl", hash = "sha256:053e6e16701eb6cbe641f308f4c1a9541f91b6261991160391bfc342e8a551a1", size = 445910, upload-time = "2025-12-15T19:21:02.571Z" },
]
